
Microsoft Visual Studio Solution File, Format Version 12.00
# Visual Studio Version 17
VisualStudioVersion = 17.7.34024.191
MinimumVisualStudioVersion = 10.0.40219.1
Project("{9A19103F-16F7-4668-BE54-9A1E7A4F7556}") = "OfficeClassRobotic.Api", "OfficeClassRobotic\OfficeClassRobotic.Api.csproj", "{B2BD2019-1C45-411B-9673-E24268434835}"
EndProject
Project("{9A19103F-16F7-4668-BE54-9A1E7A4F7556}") = "OfficeClassRobotic.DataTier", "BusinessObjects\OfficeClassRobotic.DataTier.csproj", "{FB7ACCDF-26EE-4538-8293-5A05E1D9D872}"
EndProject
Project("{9A19103F-16F7-4668-BE54-9A1E7A4F7556}") = "OfficeClassRobotic.BuisnessTier", "OfficeClassRoboticDAO\OfficeClassRobotic.BuisnessTier.csproj", "{D705746D-7086-4E09-A07E-793FA920021B}"
EndProject
Global
	GlobalSection(SolutionConfigurationPlatforms) = preSolution
		Debug|Any CPU = Debug|Any CPU
		Release|Any CPU = Release|Any CPU
	EndGlobalSection
	GlobalSection(ProjectConfigurationPlatforms) = postSolution
		{B2BD2019-1C45-411B-9673-E24268434835}.Debug|Any CPU.ActiveCfg = Debug|Any CPU
		{B2BD2019-1C45-411B-9673-E24268434835}.Debug|Any CPU.Build.0 = Debug|Any CPU
		{B2BD2019-1C45-411B-9673-E24268434835}.Release|Any CPU.ActiveCfg = Release|Any CPU
		{B2BD2019-1C45-411B-9673-E24268434835}.Release|Any CPU.Build.0 = Release|Any CPU
		{FB7ACCDF-26EE-4538-8293-5A05E1D9D872}.Debug|Any CPU.ActiveCfg = Debug|Any CPU
		{FB7ACCDF-26EE-4538-8293-5A05E1D9D872}.Debug|Any CPU.Build.0 = Debug|Any CPU
		{FB7ACCDF-26EE-4538-8293-5A05E1D9D872}.Release|Any CPU.ActiveCfg = Release|Any CPU
		{FB7ACCDF-26EE-4538-8293-5A05E1D9D872}.Release|Any CPU.Build.0 = Release|Any CPU
		{D705746D-7086-4E09-A07E-793FA920021B}.Debug|Any CPU.ActiveCfg = Debug|Any CPU
		{D705746D-7086-4E09-A07E-793FA920021B}.Debug|Any CPU.Build.0 = Debug|Any CPU
		{D705746D-7086-4E09-A07E-793FA920021B}.Release|Any CPU.ActiveCfg = Release|Any CPU
		{D705746D-7086-4E09-A07E-793FA920021B}.Release|Any CPU.Build.0 = Release|Any CPU
	EndGlobalSection
	GlobalSection(SolutionProperties) = preSolution
		HideSolutionNode = FALSE
	EndGlobalSection
	GlobalSection(ExtensibilityGlobals) = postSolution
		SolutionGuid = {D6FB1794-AAD8-467D-94BD-FA993206C0A4}
	EndGlobalSection
EndGlobal
